github.com/maja42/goval v1.4.0 h1:tlX0X+GvjKzWW2Q6qzWwL4Av2KV1bLtzxwzgxiiwEPc=
github.com/maja42/goval v1.4.0/go.mod h1:LDMwF8ocOwIsMZdwoyHC/3UpV8ABDwEzalxkVV2z/rI=
github.com/suchen-sci/gfn v0.5.0 h1:RCz5EFfrBIWno5JyBpFWFT9la5bI+Fheh5YKdiq+qhQ=
github.com/suchen-sci/gfn v0.5.0/go.mod h1:U/QKtro6GDMjB8AK1WeH2MpQHqONuYhQYtrpUshTs/I=
